
Microsoft Visual Studio Solution File, Format Version 12.00
# Visual Studio Version 17
VisualStudioVersion = 17.0.31903.59
MinimumVisualStudioVersion = 10.0.40219.1
Project("{9A19103F-16F7-4668-BE54-9A1E7A4F7556}") = "St.KiffCode.Web", "St.KiffCode.Web\St.KiffCode.Web.csproj", "{5BA8EBE2-5E6B-4529-8CD6-9C129B3E21F7}"
EndProject
Project("{9A19103F-16F7-4668-BE54-9A1E7A4F7556}") = "St.KiffCode.Core", "St.KiffCode.Core\St.KiffCode.Core.csproj", "{317C4DB5-93D0-4C50-BDC6-F278675ADFCD}"
EndProject
Project("{9A19103F-16F7-4668-BE54-9A1E7A4F7556}") = "St.KiffCode.Core.Tests", "St.KiffCode.Core.Tests\St.KiffCode.Core.Tests.csproj", "{A5860F86-5A59-40FA-997B-3DA826BFD468}"
EndProject
Global
	GlobalSection(SolutionConfigurationPlatforms) = preSolution
		Debug|Any CPU = Debug|Any CPU
		Release|Any CPU = Release|Any CPU
	EndGlobalSection
	GlobalSection(ProjectConfigurationPlatforms) = postSolution
		{5BA8EBE2-5E6B-4529-8CD6-9C129B3E21F7}.Debug|Any CPU.ActiveCfg = Debug|Any CPU
		{5BA8EBE2-5E6B-4529-8CD6-9C129B3E21F7}.Debug|Any CPU.Build.0 = Debug|Any CPU
		{5BA8EBE2-5E6B-4529-8CD6-9C129B3E21F7}.Release|Any CPU.ActiveCfg = Release|Any CPU
		{5BA8EBE2-5E6B-4529-8CD6-9C129B3E21F7}.Release|Any CPU.Build.0 = Release|Any CPU
		{317C4DB5-93D0-4C50-BDC6-F278675ADFCD}.Debug|Any CPU.ActiveCfg = Debug|Any CPU
		{317C4DB5-93D0-4C50-BDC6-F278675ADFCD}.Debug|Any CPU.Build.0 = Debug|Any CPU
		{317C4DB5-93D0-4C50-BDC6-F278675ADFCD}.Release|Any CPU.ActiveCfg = Release|Any CPU
		{317C4DB5-93D0-4C50-BDC6-F278675ADFCD}.Release|Any CPU.Build.0 = Release|Any CPU
		{A5860F86-5A59-40FA-997B-3DA826BFD468}.Debug|Any CPU.ActiveCfg = Debug|Any CPU
		{A5860F86-5A59-40FA-997B-3DA826BFD468}.Debug|Any CPU.Build.0 = Debug|Any CPU
		{A5860F86-5A59-40FA-997B-3DA826BFD468}.Release|Any CPU.ActiveCfg = Release|Any CPU
		{A5860F86-5A59-40FA-997B-3DA826BFD468}.Release|Any CPU.Build.0 = Release|Any CPU
	EndGlobalSection
	GlobalSection(SolutionProperties) = preSolution
		HideSolutionNode = FALSE
	EndGlobalSection
	GlobalSection(ExtensibilityGlobals) = postSolution
		SolutionGuid = {B281905B-3DA2-42CD-B9B0-4A53C609434B}
	EndGlobalSection
EndGlobal
